
Microsoft Visual Studio Solution File, Format Version 12.00
# Visual Studio Version 17
VisualStudioVersion = 17.5.33414.496
MinimumVisualStudioVersion = 10.0.40219.1
Project("{FAE04EC0-301F-11D3-BF4B-00C04F79EFBC}") = "BloggieToBike", "BloggieToBike\BloggieToBike.csproj", "{5D19B062-D382-4980-BEED-8B2BA075CAC6}"
EndProject
Global
	GlobalSection(SolutionConfigurationPlatforms) = preSolution
		Debug|Any CPU = Debug|Any CPU
		Release|Any CPU = Release|Any CPU
	EndGlobalSection
	GlobalSection(ProjectConfigurationPlatforms) = postSolution
		{5D19B062-D382-4980-BEED-8B2BA075CAC6}.Debug|Any CPU.ActiveCfg = Debug|Any CPU
		{5D19B062-D382-4980-BEED-8B2BA075CAC6}.Debug|Any CPU.Build.0 = Debug|Any CPU
		{5D19B062-D382-4980-BEED-8B2BA075CAC6}.Release|Any CPU.ActiveCfg = Release|Any CPU
		{5D19B062-D382-4980-BEED-8B2BA075CAC6}.Release|Any CPU.Build.0 = Release|Any CPU
	EndGlobalSection
	GlobalSection(SolutionProperties) = preSolution
		HideSolutionNode = FALSE
	EndGlobalSection
	GlobalSection(ExtensibilityGlobals) = postSolution
		SolutionGuid = {88C18495-150D-4877-846D-1829F54C5A50}
	EndGlobalSection
EndGlobal
